
Microsoft Visual Studio Solution File, Format Version 12.00
# Visual Studio Version 17
VisualStudioVersion = 17.1.32228.430
MinimumVisualStudioVersion = 10.0.40219.1
Project("{2150E333-8FDC-42A3-9474-1A3956D46DE8}") = "Internal", "Internal", "{E12E6790-C72E-4A8B-B9BD-0CF362233841}"
EndProject
Project("{2150E333-8FDC-42A3-9474-1A3956D46DE8}") = "Scripts", "Scripts", "{7840727C-0397-4657-BDD3-D1C46B789109}"
EndProject
Project("{2150E333-8FDC-42A3-9474-1A3956D46DE8}") = "Dlls", "Dlls", "{5E55CC40-2688-40FC-9D24-502641C63C22}"
	ProjectSection(SolutionItems) = preProject
		Dlls\readme.txt = Dlls\readme.txt
	EndProjectSection
EndProject
Project("{2150E333-8FDC-42A3-9474-1A3956D46DE8}") = "Documentation", "Documentation", "{8E903FBF-9F3E-4C4C-861D-EAFC172CE220}"
	ProjectSection(SolutionItems) = preProject
		Documentation\readme.txt = Documentation\readme.txt
	EndProjectSection
EndProject
Project("{2150E333-8FDC-42A3-9474-1A3956D46DE8}") = "Code Analysis", "Code Analysis", "{26CAA04F-9CD3-4AFA-96DA-1C26F89184AA}"
	ProjectSection(SolutionItems) = preProject
		Internal\Code Analysis\qaction-debug.ruleset = Internal\Code Analysis\qaction-debug.ruleset
		Internal\Code Analysis\qaction-release.ruleset = Internal\Code Analysis\qaction-release.ruleset
	EndProjectSection
EndProject
Project("{2150E333-8FDC-42A3-9474-1A3956D46DE8}") = "Setup PA Activity", "Setup PA Activity", "{CA826BE5-9B22-4C6D-BE76-9AB3DC561957}"
	ProjectSection(SolutionItems) = preProject
		Setup PA Activity.xml = Setup PA Activity.xml
	EndProjectSection
EndProject
Project("{2150E333-8FDC-42A3-9474-1A3956D46DE8}") = "Actions", "Actions", "{B028F20D-D25D-49A3-B87C-07690B1EF467}"
EndProject
Project("{FAE04EC0-301F-11D3-BF4B-00C04F79EFBC}") = "Setup PA Activity_1", "Setup PA Activity_1\Setup PA Activity_1.csproj", "{8B349A8E-4DAD-4FE5-B761-A908F27C3119}"
EndProject
Global
	GlobalSection(SolutionConfigurationPlatforms) = preSolution
		Debug|Any CPU = Debug|Any CPU
		Release|Any CPU = Release|Any CPU
	EndGlobalSection
	GlobalSection(ProjectConfigurationPlatforms) = postSolution
		{8B349A8E-4DAD-4FE5-B761-A908F27C3119}.Debug|Any CPU.ActiveCfg = Debug|Any CPU
		{8B349A8E-4DAD-4FE5-B761-A908F27C3119}.Debug|Any CPU.Build.0 = Debug|Any CPU
		{8B349A8E-4DAD-4FE5-B761-A908F27C3119}.Release|Any CPU.ActiveCfg = Release|Any CPU
		{8B349A8E-4DAD-4FE5-B761-A908F27C3119}.Release|Any CPU.Build.0 = Release|Any CPU
	EndGlobalSection
	GlobalSection(SolutionProperties) = preSolution
		HideSolutionNode = FALSE
	EndGlobalSection
	GlobalSection(NestedProjects) = preSolution
		{26CAA04F-9CD3-4AFA-96DA-1C26F89184AA} = {E12E6790-C72E-4A8B-B9BD-0CF362233841}
		{CA826BE5-9B22-4C6D-BE76-9AB3DC561957} = {7840727C-0397-4657-BDD3-D1C46B789109}
		{B028F20D-D25D-49A3-B87C-07690B1EF467} = {CA826BE5-9B22-4C6D-BE76-9AB3DC561957}
		{8B349A8E-4DAD-4FE5-B761-A908F27C3119} = {B028F20D-D25D-49A3-B87C-07690B1EF467}
	EndGlobalSection
	GlobalSection(ExtensibilityGlobals) = postSolution
		SolutionGuid = {54933F13-20FF-4913-9A82-13204751F556}
	EndGlobalSection
EndGlobal
